
Microsoft Visual Studio Solution File, Format Version 11.00
# Visual Studio 2010
Project("{FAE04EC0-301F-11D3-BF4B-00C04F79EFBC}") = "FurcadiaLib", "..\FurcadiaFramework\furcadia\FurcadiaLib\FurcadiaLib.csproj", "{156C2AF0-3DA8-4D8C-A525-5400185579B3}"
EndProject
Project("{F184B08F-C81C-45F6-A57F-5ABD9991F28F}") = "No Flicker", "No Flicker\No Flicker.vbproj", "{79F79005-BCF0-4F23-9EAD-15AF85CCEAAB}"
EndProject
Project("{FAE04EC0-301F-11D3-BF4B-00C04F79EFBC}") = "AutocompleteMenu", "AutocompleteMenu\AutocompleteMenu.csproj", "{43CBC9AA-6A8E-463F-83A9-AFF3124AFDB6}"
	ProjectSection(ProjectDependencies) = postProject
		{156C2AF0-3DA8-4D8C-A525-5400185579B3} = {156C2AF0-3DA8-4D8C-A525-5400185579B3}
	EndProjectSection
EndProject
Project("{F184B08F-C81C-45F6-A57F-5ABD9991F28F}") = "DSeX", "DSeX\DSeX.vbproj", "{C9ACA223-FEB6-46B8-B34B-6B72C3E20643}"
EndProject
Global
	GlobalSection(SolutionConfigurationPlatforms) = preSolution
		Debug|Any CPU = Debug|Any CPU
		Debug|Mixed Platforms = Debug|Mixed Platforms
		Debug|x86 = Debug|x86
		Release|Any CPU = Release|Any CPU
		Release|Mixed Platforms = Release|Mixed Platforms
		Release|x86 = Release|x86
		Special|Any CPU = Special|Any CPU
		Special|Mixed Platforms = Special|Mixed Platforms
		Special|x86 = Special|x86
	EndGlobalSection
	GlobalSection(ProjectConfigurationPlatforms) = postSolution
		{156C2AF0-3DA8-4D8C-A525-5400185579B3}.Debug|Any CPU.ActiveCfg = Debug|Any CPU
		{156C2AF0-3DA8-4D8C-A525-5400185579B3}.Debug|Any CPU.Build.0 = Debug|Any CPU
		{156C2AF0-3DA8-4D8C-A525-5400185579B3}.Debug|Mixed Platforms.ActiveCfg = Debug|Any CPU
		{156C2AF0-3DA8-4D8C-A525-5400185579B3}.Debug|Mixed Platforms.Build.0 = Debug|Any CPU
		{156C2AF0-3DA8-4D8C-A525-5400185579B3}.Debug|x86.ActiveCfg = Debug|Any CPU
		{156C2AF0-3DA8-4D8C-A525-5400185579B3}.Release|Any CPU.ActiveCfg = Release|Any CPU
		{156C2AF0-3DA8-4D8C-A525-5400185579B3}.Release|Any CPU.Build.0 = Release|Any CPU
		{156C2AF0-3DA8-4D8C-A525-5400185579B3}.Release|Mixed Platforms.ActiveCfg = Release|Any CPU
		{156C2AF0-3DA8-4D8C-A525-5400185579B3}.Release|Mixed Platforms.Build.0 = Release|Any CPU
		{156C2AF0-3DA8-4D8C-A525-5400185579B3}.Release|x86.ActiveCfg = Release|Any CPU
		{156C2AF0-3DA8-4D8C-A525-5400185579B3}.Special|Any CPU.ActiveCfg = Special|Any CPU
		{156C2AF0-3DA8-4D8C-A525-5400185579B3}.Special|Any CPU.Build.0 = Special|Any CPU
		{156C2AF0-3DA8-4D8C-A525-5400185579B3}.Special|Mixed Platforms.ActiveCfg = Special|Any CPU
		{156C2AF0-3DA8-4D8C-A525-5400185579B3}.Special|Mixed Platforms.Build.0 = Special|Any CPU
		{156C2AF0-3DA8-4D8C-A525-5400185579B3}.Special|x86.ActiveCfg = Special|Any CPU
		{79F79005-BCF0-4F23-9EAD-15AF85CCEAAB}.Debug|Any CPU.ActiveCfg = Debug|Any CPU
		{79F79005-BCF0-4F23-9EAD-15AF85CCEAAB}.Debug|Any CPU.Build.0 = Debug|Any CPU
		{79F79005-BCF0-4F23-9EAD-15AF85CCEAAB}.Debug|Mixed Platforms.ActiveCfg = Debug|Any CPU
		{79F79005-BCF0-4F23-9EAD-15AF85CCEAAB}.Debug|Mixed Platforms.Build.0 = Debug|Any CPU
		{79F79005-BCF0-4F23-9EAD-15AF85CCEAAB}.Debug|x86.ActiveCfg = Debug|Any CPU
		{79F79005-BCF0-4F23-9EAD-15AF85CCEAAB}.Release|Any CPU.ActiveCfg = Release|Any CPU
		{79F79005-BCF0-4F23-9EAD-15AF85CCEAAB}.Release|Any CPU.Build.0 = Release|Any CPU
		{79F79005-BCF0-4F23-9EAD-15AF85CCEAAB}.Release|Mixed Platforms.ActiveCfg = Release|Any CPU
		{79F79005-BCF0-4F23-9EAD-15AF85CCEAAB}.Release|Mixed Platforms.Build.0 = Release|Any CPU
		{79F79005-BCF0-4F23-9EAD-15AF85CCEAAB}.Release|x86.ActiveCfg = Release|Any CPU
		{79F79005-BCF0-4F23-9EAD-15AF85CCEAAB}.Special|Any CPU.ActiveCfg = Special|Any CPU
		{79F79005-BCF0-4F23-9EAD-15AF85CCEAAB}.Special|Any CPU.Build.0 = Special|Any CPU
		{79F79005-BCF0-4F23-9EAD-15AF85CCEAAB}.Special|Mixed Platforms.ActiveCfg = Special|Any CPU
		{79F79005-BCF0-4F23-9EAD-15AF85CCEAAB}.Special|Mixed Platforms.Build.0 = Special|Any CPU
		{79F79005-BCF0-4F23-9EAD-15AF85CCEAAB}.Special|x86.ActiveCfg = Special|Any CPU
		{43CBC9AA-6A8E-463F-83A9-AFF3124AFDB6}.Debug|Any CPU.ActiveCfg = Debug|Any CPU
		{43CBC9AA-6A8E-463F-83A9-AFF3124AFDB6}.Debug|Any CPU.Build.0 = Debug|Any CPU
		{43CBC9AA-6A8E-463F-83A9-AFF3124AFDB6}.Debug|Mixed Platforms.ActiveCfg = Debug|Any CPU
		{43CBC9AA-6A8E-463F-83A9-AFF3124AFDB6}.Debug|Mixed Platforms.Build.0 = Debug|Any CPU
		{43CBC9AA-6A8E-463F-83A9-AFF3124AFDB6}.Debug|x86.ActiveCfg = Debug|Any CPU
		{43CBC9AA-6A8E-463F-83A9-AFF3124AFDB6}.Release|Any CPU.ActiveCfg = Release|Any CPU
		{43CBC9AA-6A8E-463F-83A9-AFF3124AFDB6}.Release|Any CPU.Build.0 = Release|Any CPU
		{43CBC9AA-6A8E-463F-83A9-AFF3124AFDB6}.Release|Mixed Platforms.ActiveCfg = Release|Any CPU
		{43CBC9AA-6A8E-463F-83A9-AFF3124AFDB6}.Release|Mixed Platforms.Build.0 = Release|Any CPU
		{43CBC9AA-6A8E-463F-83A9-AFF3124AFDB6}.Release|x86.ActiveCfg = Release|Any CPU
		{43CBC9AA-6A8E-463F-83A9-AFF3124AFDB6}.Special|Any CPU.ActiveCfg = Special|Any CPU
		{43CBC9AA-6A8E-463F-83A9-AFF3124AFDB6}.Special|Any CPU.Build.0 = Special|Any CPU
		{43CBC9AA-6A8E-463F-83A9-AFF3124AFDB6}.Special|Mixed Platforms.ActiveCfg = Special|Any CPU
		{43CBC9AA-6A8E-463F-83A9-AFF3124AFDB6}.Special|Mixed Platforms.Build.0 = Special|Any CPU
		{43CBC9AA-6A8E-463F-83A9-AFF3124AFDB6}.Special|x86.ActiveCfg = Special|Any CPU
		{C9ACA223-FEB6-46B8-B34B-6B72C3E20643}.Debug|Any CPU.ActiveCfg = Debug|x86
		{C9ACA223-FEB6-46B8-B34B-6B72C3E20643}.Debug|Mixed Platforms.ActiveCfg = Debug|x86
		{C9ACA223-FEB6-46B8-B34B-6B72C3E20643}.Debug|Mixed Platforms.Build.0 = Debug|x86
		{C9ACA223-FEB6-46B8-B34B-6B72C3E20643}.Debug|x86.ActiveCfg = Debug|x86
		{C9ACA223-FEB6-46B8-B34B-6B72C3E20643}.Debug|x86.Build.0 = Debug|x86
		{C9ACA223-FEB6-46B8-B34B-6B72C3E20643}.Release|Any CPU.ActiveCfg = Release|x86
		{C9ACA223-FEB6-46B8-B34B-6B72C3E20643}.Release|Mixed Platforms.ActiveCfg = Release|x86
		{C9ACA223-FEB6-46B8-B34B-6B72C3E20643}.Release|Mixed Platforms.Build.0 = Release|x86
		{C9ACA223-FEB6-46B8-B34B-6B72C3E20643}.Release|x86.ActiveCfg = Release|x86
		{C9ACA223-FEB6-46B8-B34B-6B72C3E20643}.Release|x86.Build.0 = Release|x86
		{C9ACA223-FEB6-46B8-B34B-6B72C3E20643}.Special|Any CPU.ActiveCfg = Release|x86
		{C9ACA223-FEB6-46B8-B34B-6B72C3E20643}.Special|Mixed Platforms.ActiveCfg = Release|x86
		{C9ACA223-FEB6-46B8-B34B-6B72C3E20643}.Special|Mixed Platforms.Build.0 = Release|x86
		{C9ACA223-FEB6-46B8-B34B-6B72C3E20643}.Special|x86.ActiveCfg = Release|x86
		{C9ACA223-FEB6-46B8-B34B-6B72C3E20643}.Special|x86.Build.0 = Release|x86
	EndGlobalSection
	GlobalSection(SolutionProperties) = preSolution
		HideSolutionNode = FALSE
	EndGlobalSection
EndGlobal
